
Microsoft Visual Studio Solution File, Format Version 12.00
# Visual Studio Version 17
VisualStudioVersion = 17.5.33502.453
MinimumVisualStudioVersion = 10.0.40219.1
Project("{FAE04EC0-301F-11D3-BF4B-00C04F79EFBC}") = "лаба 3.3", "лаба 3.3\лаба 3.3.csproj", "{72F8B5E4-827A-4CD0-9441-48E82FB93732}"
EndProject
Global
	GlobalSection(SolutionConfigurationPlatforms) = preSolution
		Debug|Any CPU = Debug|Any CPU
		Release|Any CPU = Release|Any CPU
	EndGlobalSection
	GlobalSection(ProjectConfigurationPlatforms) = postSolution
		{72F8B5E4-827A-4CD0-9441-48E82FB93732}.Debug|Any CPU.ActiveCfg = Debug|Any CPU
		{72F8B5E4-827A-4CD0-9441-48E82FB93732}.Debug|Any CPU.Build.0 = Debug|Any CPU
		{72F8B5E4-827A-4CD0-9441-48E82FB93732}.Release|Any CPU.ActiveCfg = Release|Any CPU
		{72F8B5E4-827A-4CD0-9441-48E82FB93732}.Release|Any CPU.Build.0 = Release|Any CPU
	EndGlobalSection
	GlobalSection(SolutionProperties) = preSolution
		HideSolutionNode = FALSE
	EndGlobalSection
	GlobalSection(ExtensibilityGlobals) = postSolution
		SolutionGuid = {B5B0546E-950F-44ED-9265-520A31E7C1AF}
	EndGlobalSection
EndGlobal
